# This file is automatically @generated by Wally.
# It is not intended for manual editing.
registry = "test"

[[package]]
name = "csqrl/sift"
version = "0.0.2"
dependencies = []

[[package]]
name = "elttob/fusion"
version = "0.1.1-beta"
dependencies = []

[[package]]
name = "evaera/promise"
version = "4.0.0"
dependencies = []

[[package]]
name = "howmanysmall/janitor"
version = "1.14.1"
dependencies = []

[[package]]
name = "me/default"
version = "0.1.0"
dependencies = [["Component", "sleitnick/component@2.4.5"], ["Fusion", "elttob/fusion@0.1.1-beta"], ["Input", "sleitnick/input@1.3.3"], ["Janitor", "howmanysmall/janitor@1.14.1"], ["Knit", "sleitnick/knit@1.4.7"], ["Loader", "sleitnick/loader@1.0.2"], ["Promise", "evaera/promise@4.0.0"], ["Signal", "sleitnick/signal@1.1.0"], ["Silo", "sleitnick/silo@0.1.0"], ["Streamable", "sleitnick/streamable@1.2.3"], ["Symbol", "sleitnick/symbol@2.0.0"], ["TableUtil", "sleitnick/table-util@1.1.1"], ["Timer", "sleitnick/timer@1.1.1"], ["sift", "csqrl/sift@0.0.2"]]

[[package]]
name = "sleitnick/comm"
version = "0.3.0"
dependencies = [["Option", "sleitnick/option@1.0.3"], ["Promise", "evaera/promise@4.0.0"], ["Signal", "sleitnick/signal@1.1.0"]]

[[package]]
name = "sleitnick/component"
version = "2.4.5"
dependencies = [["Promise", "evaera/promise@4.0.0"], ["Signal", "sleitnick/signal@1.1.0"], ["Symbol", "sleitnick/symbol@2.0.0"], ["Trove", "sleitnick/trove@0.4.0"]]

[[package]]
name = "sleitnick/enum-list"
version = "2.0.0"
dependencies = []

[[package]]
name = "sleitnick/input"
version = "1.3.3"
dependencies = [["EnumList", "sleitnick/enum-list@2.0.0"], ["Signal", "sleitnick/signal@1.1.0"], ["Trove", "sleitnick/trove@0.4.0"]]

[[package]]
name = "sleitnick/knit"
version = "1.4.7"
dependencies = [["Comm", "sleitnick/comm@0.3.0"], ["Promise", "evaera/promise@4.0.0"]]

[[package]]
name = "sleitnick/loader"
version = "1.0.2"
dependencies = []

[[package]]
name = "sleitnick/option"
version = "1.0.3"
dependencies = []

[[package]]
name = "sleitnick/signal"
version = "1.1.0"
dependencies = []

[[package]]
name = "sleitnick/silo"
version = "0.1.0"
dependencies = []

[[package]]
name = "sleitnick/streamable"
version = "1.2.3"
dependencies = [["Signal", "sleitnick/signal@1.1.0"], ["Trove", "sleitnick/trove@0.4.0"]]

[[package]]
name = "sleitnick/symbol"
version = "2.0.0"
dependencies = []

[[package]]
name = "sleitnick/table-util"
version = "1.1.1"
dependencies = []

[[package]]
name = "sleitnick/timer"
version = "1.1.1"
dependencies = [["Signal", "sleitnick/signal@1.1.0"]]

[[package]]
name = "sleitnick/trove"
version = "0.4.0"
dependencies = []
